<?xml version="1.0" encoding="utf-8"?>
<Project ToolsVersion="4.0" xmlns="http://schemas.microsoft.com/developer/msbuild/2003">

  <!-- Filter definitions -->
  <ItemGroup>
    <Filter Include="archive">
      <UniqueIdentifier>{11111111-1111-1111-1111-111111111111}</UniqueIdentifier>
    </Filter>
    <Filter Include="game">
      <UniqueIdentifier>{22222222-2222-2222-2222-222222222222}</UniqueIdentifier>
    </Filter>
    <Filter Include="net">
      <UniqueIdentifier>{33333333-3333-3333-3333-333333333333}</UniqueIdentifier>
    </Filter>
    <Filter Include="sdk">
      <UniqueIdentifier>{44444444-4444-4444-4444-444444444444}</UniqueIdentifier>
    </Filter>
    <Filter Include="sdk\bass">
      <UniqueIdentifier>{44444444-4444-4444-4444-44444444BASS}</UniqueIdentifier>
    </Filter>
    <Filter Include="sdk\detours">
      <UniqueIdentifier>{44444444-4444-4444-4444-44444444DETO}</UniqueIdentifier>
    </Filter>
    <Filter Include="sdk\discordrpc">
      <UniqueIdentifier>{44444444-4444-4444-4444-44444444DISC}</UniqueIdentifier>
    </Filter>
    <Filter Include="sdk\dxut">
      <UniqueIdentifier>{44444444-4444-4444-4444-44444444DXUT}</UniqueIdentifier>
    </Filter>
    <Filter Include="sdk\md5">
      <UniqueIdentifier>{44444444-4444-4444-4444-44444444MD5}</UniqueIdentifier>
    </Filter>
    <Filter Include="sdk\raknet">
      <UniqueIdentifier>{44444444-4444-4444-4444-44444444RKT}</UniqueIdentifier>
    </Filter>
  </ItemGroup>

  <!-- Source files -->
  <ItemGroup>
    <ClCompile Include="..\sdk\discordrpc\connection_win.cpp">
      <Filter>sdk\discordrpc</Filter>
    </ClCompile>
    <ClCompile Include="..\sdk\discordrpc\discord_register_win.cpp">
      <Filter>sdk\discordrpc</Filter>
    </ClCompile>
    <ClCompile Include="..\sdk\discordrpc\discord_rpc.cpp">
      <Filter>sdk\discordrpc</Filter>
    </ClCompile>
    <ClCompile Include="..\sdk\discordrpc\rpc_connection.cpp">
      <Filter>sdk\discordrpc</Filter>
    </ClCompile>
    <ClCompile Include="..\sdk\discordrpc\serialization.cpp">
      <Filter>sdk\discordrpc</Filter>
    </ClCompile>

    <ClCompile Include="..\sdk\dxut\dxstdafx.cpp">
      <Filter>sdk\dxut</Filter>
    </ClCompile>
    <ClCompile Include="..\sdk\dxut\DXUT.cpp">
      <Filter>sdk\dxut</Filter>
    </ClCompile>
    <ClCompile Include="..\sdk\dxut\DXUTenum.cpp">
      <Filter>sdk\dxut</Filter>
    </ClCompile>
    <ClCompile Include="..\sdk\dxut\DXUTgui.cpp">
      <Filter>sdk\dxut</Filter>
    </ClCompile>
    <ClCompile Include="..\sdk\dxut\DXUTmisc.cpp">
      <Filter>sdk\dxut</Filter>
    </ClCompile>

    <ClCompile Include="..\sdk\md5\md5.cpp">
      <Filter>sdk\md5</Filter>
    </ClCompile>

    <ClCompile Include="..\sdk\raknet\*.cpp">
      <Filter>sdk\raknet</Filter>
    </ClCompile>

    <ClCompile Include="archive\*.cpp">
      <Filter>archive</Filter>
    </ClCompile>

    <ClCompile Include="game\*.cpp">
      <Filter>game</Filter>
    </ClCompile>

    <ClCompile Include="net\*.cpp">
      <Filter>net</Filter>
    </ClCompile>

    <ClCompile Include="*.cpp">
      <Filter></Filter>
    </ClCompile>
  </ItemGroup>

  <!-- Header files -->
  <ItemGroup>
    <ClInclude Include="..\sdk\bass\bass.h">
      <Filter>sdk\bass</Filter>
    </ClInclude>
    <ClInclude Include="..\sdk\detours\detours.h">
      <Filter>sdk\detours</Filter>
    </ClInclude>
    <ClInclude Include="..\sdk\discordrpc\*.h">
      <Filter>sdk\discordrpc</Filter>
    </ClInclude>
    <ClInclude Include="..\sdk\dxut\*.h">
      <Filter>sdk\dxut</Filter>
    </ClInclude>
    <ClInclude Include="..\sdk\md5\md5.h">
      <Filter>sdk\md5</Filter>
    </ClInclude>
    <ClInclude Include="..\sdk\raknet\*.h">
      <Filter>sdk\raknet</Filter>
    </ClInclude>
    <ClInclude Include="..\sdk\shared.h">
      <Filter>sdk</Filter>
    </ClInclude>
    <ClInclude Include="archive\*.h">
      <Filter>archive</Filter>
    </ClInclude>
    <ClInclude Include="*.h">
      <Filter></Filter>
    </ClInclude>
    <ClInclude Include="game\*.h">
      <Filter>game</Filter>
    </ClInclude>
    <ClInclude Include="net\*.h">
      <Filter>net</Filter>
    </ClInclude>
  </ItemGroup>

</Project>
